
Microsoft Visual Studio Solution File, Format Version 12.00
# Visual Studio Version 17
VisualStudioVersion = 17.8.34511.84
MinimumVisualStudioVersion = 10.0.40219.1
Project("{FAE04EC0-301F-11D3-BF4B-00C04F79EFBC}") = "mission4_Barney", "mission4_Barney\mission4_Barney.csproj", "{8B10E35B-1460-4637-B9F5-7489E5E2142D}"
EndProject
Global
	GlobalSection(SolutionConfigurationPlatforms) = preSolution
		Debug|Any CPU = Debug|Any CPU
		Release|Any CPU = Release|Any CPU
	EndGlobalSection
	GlobalSection(ProjectConfigurationPlatforms) = postSolution
		{8B10E35B-1460-4637-B9F5-7489E5E2142D}.Debug|Any CPU.ActiveCfg = Debug|Any CPU
		{8B10E35B-1460-4637-B9F5-7489E5E2142D}.Debug|Any CPU.Build.0 = Debug|Any CPU
		{8B10E35B-1460-4637-B9F5-7489E5E2142D}.Release|Any CPU.ActiveCfg = Release|Any CPU
		{8B10E35B-1460-4637-B9F5-7489E5E2142D}.Release|Any CPU.Build.0 = Release|Any CPU
	EndGlobalSection
	GlobalSection(SolutionProperties) = preSolution
		HideSolutionNode = FALSE
	EndGlobalSection
	GlobalSection(ExtensibilityGlobals) = postSolution
		SolutionGuid = {B5731320-44FC-4551-BB6B-5EFF207F56F0}
	EndGlobalSection
EndGlobal
